
Microsoft Visual Studio Solution File, Format Version 12.00
# Visual Studio 15
VisualStudioVersion = 15.0.28010.2036
MinimumVisualStudioVersion = 10.0.40219.1
Project("{8BC9CEB8-8B4A-11D0-8D11-00A0C91BC942}") = "managing-memory-and-low-level-data-structures", "managing-memory-and-low-level-data-structures\managing-memory-and-low-level-data-structures.vcxproj", "{41900E36-1F4B-4EA6-8866-5BB2498EF761}"
EndProject
Global
	GlobalSection(SolutionConfigurationPlatforms) = preSolution
		Debug|x64 = Debug|x64
		Debug|x86 = Debug|x86
		Release|x64 = Release|x64
		Release|x86 = Release|x86
	EndGlobalSection
	GlobalSection(ProjectConfigurationPlatforms) = postSolution
		{41900E36-1F4B-4EA6-8866-5BB2498EF761}.Debug|x64.ActiveCfg = Debug|x64
		{41900E36-1F4B-4EA6-8866-5BB2498EF761}.Debug|x64.Build.0 = Debug|x64
		{41900E36-1F4B-4EA6-8866-5BB2498EF761}.Debug|x86.ActiveCfg = Debug|Win32
		{41900E36-1F4B-4EA6-8866-5BB2498EF761}.Debug|x86.Build.0 = Debug|Win32
		{41900E36-1F4B-4EA6-8866-5BB2498EF761}.Release|x64.ActiveCfg = Release|x64
		{41900E36-1F4B-4EA6-8866-5BB2498EF761}.Release|x64.Build.0 = Release|x64
		{41900E36-1F4B-4EA6-8866-5BB2498EF761}.Release|x86.ActiveCfg = Release|Win32
		{41900E36-1F4B-4EA6-8866-5BB2498EF761}.Release|x86.Build.0 = Release|Win32
	EndGlobalSection
	GlobalSection(SolutionProperties) = preSolution
		HideSolutionNode = FALSE
	EndGlobalSection
	GlobalSection(ExtensibilityGlobals) = postSolution
		SolutionGuid = {F2D261CC-BC7A-40F8-8EC1-05EAD643FD7C}
	EndGlobalSection
EndGlobal
